
Microsoft Visual Studio Solution File, Format Version 12.00
# Visual Studio Version 17
VisualStudioVersion = 17.14.36518.9
MinimumVisualStudioVersion = 10.0.40219.1
Project("{FAE04EC0-301F-11D3-BF4B-00C04F79EFBC}") = "RentVest", "RentVest\RentVest.csproj", "{728A5C77-30CC-4CBD-8EF6-0FF8040D0927}"
EndProject
Project("{FAE04EC0-301F-11D3-BF4B-00C04F79EFBC}") = "RentVestGateway", "RentVestGateway\RentVestGateway.csproj", "{A8F76FDE-8C14-49F8-AC95-FCEFBB1828F8}"
EndProject
Project("{FAE04EC0-301F-11D3-BF4B-00C04F79EFBC}") = "RentVest.Web", "RentVest.Web\RentVest.Web.csproj", "{2FFCDE62-3345-49E4-A6D2-F05C0E9CD769}"
EndProject
Global
	GlobalSection(SolutionConfigurationPlatforms) = preSolution
		Debug|Any CPU = Debug|Any CPU
		Release|Any CPU = Release|Any CPU
	EndGlobalSection
	GlobalSection(ProjectConfigurationPlatforms) = postSolution
		{728A5C77-30CC-4CBD-8EF6-0FF8040D0927}.Debug|Any CPU.ActiveCfg = Debug|Any CPU
		{728A5C77-30CC-4CBD-8EF6-0FF8040D0927}.Debug|Any CPU.Build.0 = Debug|Any CPU
		{728A5C77-30CC-4CBD-8EF6-0FF8040D0927}.Release|Any CPU.ActiveCfg = Release|Any CPU
		{728A5C77-30CC-4CBD-8EF6-0FF8040D0927}.Release|Any CPU.Build.0 = Release|Any CPU
		{A8F76FDE-8C14-49F8-AC95-FCEFBB1828F8}.Debug|Any CPU.ActiveCfg = Debug|Any CPU
		{A8F76FDE-8C14-49F8-AC95-FCEFBB1828F8}.Debug|Any CPU.Build.0 = Debug|Any CPU
		{A8F76FDE-8C14-49F8-AC95-FCEFBB1828F8}.Release|Any CPU.ActiveCfg = Release|Any CPU
		{A8F76FDE-8C14-49F8-AC95-FCEFBB1828F8}.Release|Any CPU.Build.0 = Release|Any CPU
		{2FFCDE62-3345-49E4-A6D2-F05C0E9CD769}.Debug|Any CPU.ActiveCfg = Debug|Any CPU
		{2FFCDE62-3345-49E4-A6D2-F05C0E9CD769}.Debug|Any CPU.Build.0 = Debug|Any CPU
		{2FFCDE62-3345-49E4-A6D2-F05C0E9CD769}.Release|Any CPU.ActiveCfg = Release|Any CPU
		{2FFCDE62-3345-49E4-A6D2-F05C0E9CD769}.Release|Any CPU.Build.0 = Release|Any CPU
	EndGlobalSection
	GlobalSection(SolutionProperties) = preSolution
		HideSolutionNode = FALSE
	EndGlobalSection
	GlobalSection(ExtensibilityGlobals) = postSolution
		SolutionGuid = {C884FF2F-7290-410A-A91A-7437C910B9E3}
	EndGlobalSection
EndGlobal
